Microsoft Visual Studio Solution File, Format Version 12.00
# Visual Studio Version 17
VisualStudioVersion = 17.5.2.0
MinimumVisualStudioVersion = 10.0.40219.1
Project("{FAE04EC0-301F-11D3-BF4B-00C04F79EFBC}") = "EmbeddingServiceApp", "EmbeddingServiceApp.csproj", "{FEC5B9E9-A8B5-7517-D7FB-B8E0FBE368AE}"
EndProject
Global
	GlobalSection(SolutionConfigurationPlatforms) = preSolution
		Debug|Any CPU = Debug|Any CPU
		Release|Any CPU = Release|Any CPU
	EndGlobalSection
	GlobalSection(ProjectConfigurationPlatforms) = postSolution
		{FEC5B9E9-A8B5-7517-D7FB-B8E0FBE368AE}.Debug|Any CPU.ActiveCfg = Debug|Any CPU
		{FEC5B9E9-A8B5-7517-D7FB-B8E0FBE368AE}.Debug|Any CPU.Build.0 = Debug|Any CPU
		{FEC5B9E9-A8B5-7517-D7FB-B8E0FBE368AE}.Release|Any CPU.ActiveCfg = Release|Any CPU
		{FEC5B9E9-A8B5-7517-D7FB-B8E0FBE368AE}.Release|Any CPU.Build.0 = Release|Any CPU
	EndGlobalSection
	GlobalSection(SolutionProperties) = preSolution
		HideSolutionNode = FALSE
	EndGlobalSection
	GlobalSection(ExtensibilityGlobals) = postSolution
		SolutionGuid = {A715A580-CD74-414C-9F27-F125C8C6D68F}
	EndGlobalSection
EndGlobal
